
Microsoft Visual Studio Solution File, Format Version 12.00
# Visual Studio 15
VisualStudioVersion = 15.0.27703.2042
MinimumVisualStudioVersion = 10.0.40219.1
Project("{FAE04EC0-301F-11D3-BF4B-00C04F79EFBC}") = "AnagramChecker", "AnagramChecker\AnagramChecker.csproj", "{8BF22730-2D67-4347-9725-BCD1FCF38126}"
EndProject
Global
	GlobalSection(SolutionConfigurationPlatforms) = preSolution
		Debug|Any CPU = Debug|Any CPU
		Release|Any CPU = Release|Any CPU
	EndGlobalSection
	GlobalSection(ProjectConfigurationPlatforms) = postSolution
		{8BF22730-2D67-4347-9725-BCD1FCF38126}.Debug|Any CPU.ActiveCfg = Debug|Any CPU
		{8BF22730-2D67-4347-9725-BCD1FCF38126}.Debug|Any CPU.Build.0 = Debug|Any CPU
		{8BF22730-2D67-4347-9725-BCD1FCF38126}.Release|Any CPU.ActiveCfg = Release|Any CPU
		{8BF22730-2D67-4347-9725-BCD1FCF38126}.Release|Any CPU.Build.0 = Release|Any CPU
	EndGlobalSection
	GlobalSection(SolutionProperties) = preSolution
		HideSolutionNode = FALSE
	EndGlobalSection
	GlobalSection(ExtensibilityGlobals) = postSolution
		SolutionGuid = {BD20A073-D70E-4760-8A5A-ACC6B0E85ACD}
	EndGlobalSection
EndGlobal
